
Microsoft Visual Studio Solution File, Format Version 12.00
# Visual Studio Version 16
VisualStudioVersion = 16.0.30523.141
MinimumVisualStudioVersion = 10.0.40219.1
Project("{FAE04EC0-301F-11D3-BF4B-00C04F79EFBC}") = "3D Engine", "3D Engine\3D Engine.csproj", "{BDA81747-D68D-44AE-B50A-09F897DB60C9}"
EndProject
Global
	GlobalSection(SolutionConfigurationPlatforms) = preSolution
		Debug|Any CPU = Debug|Any CPU
		Release|Any CPU = Release|Any CPU
	EndGlobalSection
	GlobalSection(ProjectConfigurationPlatforms) = postSolution
		{BDA81747-D68D-44AE-B50A-09F897DB60C9}.Debug|Any CPU.ActiveCfg = Debug|Any CPU
		{BDA81747-D68D-44AE-B50A-09F897DB60C9}.Debug|Any CPU.Build.0 = Debug|Any CPU
		{BDA81747-D68D-44AE-B50A-09F897DB60C9}.Release|Any CPU.ActiveCfg = Release|Any CPU
		{BDA81747-D68D-44AE-B50A-09F897DB60C9}.Release|Any CPU.Build.0 = Release|Any CPU
	EndGlobalSection
	GlobalSection(SolutionProperties) = preSolution
		HideSolutionNode = FALSE
	EndGlobalSection
	GlobalSection(ExtensibilityGlobals) = postSolution
		SolutionGuid = {ABDCC710-55FA-43BA-B02A-2F229739604D}
	EndGlobalSection
EndGlobal
